// !$*UTF8*$!
{
	archiveVersion = 1;
	classes = {
	};
	objectVersion = 55;
	objects = {

/* Begin PBXBuildFile section */
		D1771CDB282696650047D171 /* 5585_거스름돈.swift in Sources */ = {isa = PBXBuildFile; fileRef = D1771CDA282696650047D171 /* 5585_거스름돈.swift */; };
		D1771CDF2826A4ED0047D171 /* 2839_설탕 배달.swift in Sources */ = {isa = PBXBuildFile; fileRef = D1771CDE2826A4ED0047D171 /* 2839_설탕 배달.swift */; };
		D1771CE32826AEB40047D171 /* 1543_문서 검색.swift in Sources */ = {isa = PBXBuildFile; fileRef = D1771CE22826AEB40047D171 /* 1543_문서 검색.swift */; };
		D1771CE72826B8D20047D171 /* 11047_동전 0.swift in Sources */ = {isa = PBXBuildFile; fileRef = D1771CE62826B8D20047D171 /* 11047_동전 0.swift */; };
		D189E15D28313B3C003BF551 /* 2217_로프.swift in Sources */ = {isa = PBXBuildFile; fileRef = D189E15C28313B3C003BF551 /* 2217_로프.swift */; };
		D1AF9583282039FC007EDCFF /* main.swift in Sources */ = {isa = PBXBuildFile; fileRef = D1AF9582282039FC007EDCFF /* main.swift */; };
		D1AF958A28203A8B007EDCFF /* 1789_수들의 합.swift in Sources */ = {isa = PBXBuildFile; fileRef = D1AF958928203A8B007EDCFF /* 1789_수들의 합.swift */; };
/* End PBXBuildFile section */

/* Begin PBXCopyFilesBuildPhase section */
		D1AF957D282039FC007EDCFF /* CopyFiles */ = {
			isa = PBXCopyFilesBuildPhase;
			buildActionMask = 2147483647;
			dstPath = /usr/share/man/man1/;
			dstSubfolderSpec = 0;
			files = (
			);
			runOnlyForDeploymentPostprocessing = 1;
		};
/* End PBXCopyFilesBuildPhase section */

/* Begin PBXFileReference section */
		D1771CDA282696650047D171 /* 5585_거스름돈.swift */ = {isa = PBXFileReference; lastKnownFileType = sourcecode.swift; path = "5585_거스름돈.swift"; sourceTree = "<group>"; };
		D1771CDE2826A4ED0047D171 /* 2839_설탕 배달.swift */ = {isa = PBXFileReference; lastKnownFileType = sourcecode.swift; path = "2839_설탕 배달.swift"; sourceTree = "<group>"; };
		D1771CE22826AEB40047D171 /* 1543_문서 검색.swift */ = {isa = PBXFileReference; lastKnownFileType = sourcecode.swift; path = "1543_문서 검색.swift"; sourceTree = "<group>"; };
		D1771CE62826B8D20047D171 /* 11047_동전 0.swift */ = {isa = PBXFileReference; lastKnownFileType = sourcecode.swift; path = "11047_동전 0.swift"; sourceTree = "<group>"; };
		D189E15C28313B3C003BF551 /* 2217_로프.swift */ = {isa = PBXFileReference; lastKnownFileType = sourcecode.swift; path = "2217_로프.swift"; sourceTree = "<group>"; };
		D1AF957F282039FC007EDCFF /* Baekjoon */ = {isa = PBXFileReference; explicitFileType = "compiled.mach-o.executable"; includeInIndex = 0; path = Baekjoon; sourceTree = BUILT_PRODUCTS_DIR; };
		D1AF9582282039FC007EDCFF /* main.swift */ = {isa = PBXFileReference; lastKnownFileType = sourcecode.swift; path = main.swift; sourceTree = "<group>"; };
		D1AF958928203A8B007EDCFF /* 1789_수들의 합.swift */ = {isa = PBXFileReference; lastKnownFileType = sourcecode.swift; path = "1789_수들의 합.swift"; sourceTree = "<group>"; };
/* End PBXFileReference section */

/* Begin PBXFrameworksBuildPhase section */
		D1AF957C282039FC007EDCFF /* Frameworks */ = {
			isa = PBXFrameworksBuildPhase;
			buildActionMask = 2147483647;
			files = (
			);
			runOnlyForDeploymentPostprocessing = 0;
		};
/* End PBXFrameworksBuildPhase section */

/* Begin PBXGroup section */
		D1AF9576282039FC007EDCFF = {
			isa = PBXGroup;
			children = (
				D1AF9581282039FC007EDCFF /* Baekjoon */,
				D1AF9580282039FC007EDCFF /* Products */,
			);
			sourceTree = "<group>";
		};
		D1AF9580282039FC007EDCFF /* Products */ = {
			isa = PBXGroup;
			children = (
				D1AF957F282039FC007EDCFF /* Baekjoon */,
			);
			name = Products;
			sourceTree = "<group>";
		};
		D1AF9581282039FC007EDCFF /* Baekjoon */ = {
			isa = PBXGroup;
			children = (
				D1AF9582282039FC007EDCFF /* main.swift */,
				D1AF958B28203AE8007EDCFF /* 그리디 */,
			);
			path = Baekjoon;
			sourceTree = "<group>";
		};
		D1AF958B28203AE8007EDCFF /* 그리디 */ = {
			isa = PBXGroup;
			children = (
				D1AF958928203A8B007EDCFF /* 1789_수들의 합.swift */,
				D1771CDA282696650047D171 /* 5585_거스름돈.swift */,
				D1771CDE2826A4ED0047D171 /* 2839_설탕 배달.swift */,
				D1771CE22826AEB40047D171 /* 1543_문서 검색.swift */,
				D1771CE62826B8D20047D171 /* 11047_동전 0.swift */,
				D189E15C28313B3C003BF551 /* 2217_로프.swift */,
			);
			name = "그리디";
			path = "그리디";
			sourceTree = "<group>";
		};
/* End PBXGroup section */

/* Begin PBXNativeTarget section */
		D1AF957E282039FC007EDCFF /* Baekjoon */ = {
			isa = PBXNativeTarget;
			buildConfigurationList = D1AF9586282039FC007EDCFF /* Build configuration list for PBXNativeTarget "Baekjoon" */;
			buildPhases = (
				D1AF957B282039FC007EDCFF /* Sources */,
				D1AF957C282039FC007EDCFF /* Frameworks */,
				D1AF957D282039FC007EDCFF /* CopyFiles */,
			);
			buildRules = (
			);
			dependencies = (
			);
			name = Baekjoon;
			productName = Baekjoon;
			productReference = D1AF957F282039FC007EDCFF /* Baekjoon */;
			productType = "com.apple.product-type.tool";
		};
/* End PBXNativeTarget section */

/* Begin PBXProject section */
		D1AF9577282039FC007EDCFF /* Project object */ = {
			isa = PBXProject;
			attributes = {
				BuildIndependentTargetsInParallel = 1;
				LastSwiftUpdateCheck = 1330;
				LastUpgradeCheck = 1330;
				TargetAttributes = {
					D1AF957E282039FC007EDCFF = {
						CreatedOnToolsVersion = 13.3.1;
					};
				};
			};
			buildConfigurationList = D1AF957A282039FC007EDCFF /* Build configuration list for PBXProject "Baekjoon" */;
			compatibilityVersion = "Xcode 13.0";
			developmentRegion = en;
			hasScannedForEncodings = 0;
			knownRegions = (
				en,
				Base,
			);
			mainGroup = D1AF9576282039FC007EDCFF;
			productRefGroup = D1AF9580282039FC007EDCFF /* Products */;
			projectDirPath = "";
			projectRoot = "";
			targets = (
				D1AF957E282039FC007EDCFF /* Baekjoon */,
			);
		};
/* End PBXProject section */

/* Begin PBXSourcesBuildPhase section */
		D1AF957B282039FC007EDCFF /* Sources */ = {
			isa = PBXSourcesBuildPhase;
			buildActionMask = 2147483647;
			files = (
				D1AF9583282039FC007EDCFF /* main.swift in Sources */,
				D1771CDF2826A4ED0047D171 /* 2839_설탕 배달.swift in Sources */,
				D1AF958A28203A8B007EDCFF /* 1789_수들의 합.swift in Sources */,
				D1771CE72826B8D20047D171 /* 11047_동전 0.swift in Sources */,
				D1771CE32826AEB40047D171 /* 1543_문서 검색.swift in Sources */,
				D1771CDB282696650047D171 /* 5585_거스름돈.swift in Sources */,
				D189E15D28313B3C003BF551 /* 2217_로프.swift in Sources */,
			);
			runOnlyForDeploymentPostprocessing = 0;
		};
/* End PBXSourcesBuildPhase section */

/* Begin XCBuildConfiguration section */
		D1AF9584282039FC007EDCFF /* Debug */ = {
			isa = XCBuildConfiguration;
			buildSettings = {
				ALWAYS_SEARCH_USER_PATHS = NO;
				CLANG_ANALYZER_NONNULL = YES;
				CLANG_ANALYZER_NUMBER_OBJECT_CONVERSION = YES_AGGRESSIVE;
				CLANG_CXX_LANGUAGE_STANDARD = "gnu++17";
				CLANG_ENABLE_MODULES = YES;
				CLANG_ENABLE_OBJC_ARC = YES;
				CLANG_ENABLE_OBJC_WEAK = YES;
				CLANG_WARN_BLOCK_CAPTURE_AUTORELEASING = YES;
				CLANG_WARN_BOOL_CONVERSION = YES;
				CLANG_WARN_COMMA = YES;
				CLANG_WARN_CONSTANT_CONVERSION = YES;
				CLANG_WARN_DEPRECATED_OBJC_IMPLEMENTATIONS = YES;
				CLANG_WARN_DIRECT_OBJC_ISA_USAGE = YES_ERROR;
				CLANG_WARN_DOCUMENTATION_COMMENTS = YES;
				CLANG_WARN_EMPTY_BODY = YES;
				CLANG_WARN_ENUM_CONVERSION = YES;
				CLANG_WARN_INFINITE_RECURSION = YES;
				CLANG_WARN_INT_CONVERSION = YES;
				CLANG_WARN_NON_LITERAL_NULL_CONVERSION = YES;
				CLANG_WARN_OBJC_IMPLICIT_RETAIN_SELF = YES;
				CLANG_WARN_OBJC_LITERAL_CONVERSION = YES;
				CLANG_WARN_OBJC_ROOT_CLASS = YES_ERROR;
				CLANG_WARN_QUOTED_INCLUDE_IN_FRAMEWORK_HEADER = YES;
				CLANG_WARN_RANGE_LOOP_ANALYSIS = YES;
				CLANG_WARN_STRICT_PROTOTYPES = YES;
				CLANG_WARN_SUSPICIOUS_MOVE = YES;
				CLANG_WARN_UNGUARDED_AVAILABILITY = YES_AGGRESSIVE;
				CLANG_WARN_UNREACHABLE_CODE = YES;
				CLANG_WARN__DUPLICATE_METHOD_MATCH = YES;
				COPY_PHASE_STRIP = NO;
				DEBUG_INFORMATION_FORMAT = dwarf;
				ENABLE_STRICT_OBJC_MSGSEND = YES;
				ENABLE_TESTABILITY = YES;
				GCC_C_LANGUAGE_STANDARD = gnu11;
				GCC_DYNAMIC_NO_PIC = NO;
				GCC_NO_COMMON_BLOCKS = YES;
				GCC_OPTIMIZATION_LEVEL = 0;
				GCC_PREPROCESSOR_DEFINITIONS = (
					"DEBUG=1",
					"$(inherited)",
				);
				GCC_WARN_64_TO_32_BIT_CONVERSION = YES;
				GCC_WARN_ABOUT_RETURN_TYPE = YES_ERROR;
				GCC_WARN_UNDECLARED_SELECTOR = YES;
				GCC_WARN_UNINITIALIZED_AUTOS = YES_AGGRESSIVE;
				GCC_WARN_UNUSED_FUNCTION = YES;
				GCC_WARN_UNUSED_VARIABLE = YES;
				MACOSX_DEPLOYMENT_TARGET = 12.3;
				MTL_ENABLE_DEBUG_INFO = INCLUDE_SOURCE;
				MTL_FAST_MATH = YES;
				ONLY_ACTIVE_ARCH = YES;
				SDKROOT = macosx;
				SWIFT_ACTIVE_COMPILATION_CONDITIONS = DEBUG;
				SWIFT_OPTIMIZATION_LEVEL = "-Onone";
			};
			name = Debug;
		};
		D1AF9585282039FC007EDCFF /* Release */ = {
			isa = XCBuildConfiguration;
			buildSettings = {
				ALWAYS_SEARCH_USER_PATHS = NO;
				CLANG_ANALYZER_NONNULL = YES;
				CLANG_ANALYZER_NUMBER_OBJECT_CONVERSION = YES_AGGRESSIVE;
				CLANG_CXX_LANGUAGE_STANDARD = "gnu++17";
				CLANG_ENABLE_MODULES = YES;
				CLANG_ENABLE_OBJC_ARC = YES;
				CLANG_ENABLE_OBJC_WEAK = YES;
				CLANG_WARN_BLOCK_CAPTURE_AUTORELEASING = YES;
				CLANG_WARN_BOOL_CONVERSION = YES;
				CLANG_WARN_COMMA = YES;
				CLANG_WARN_CONSTANT_CONVERSION = YES;
				CLANG_WARN_DEPRECATED_OBJC_IMPLEMENTATIONS = YES;
				CLANG_WARN_DIRECT_OBJC_ISA_USAGE = YES_ERROR;
				CLANG_WARN_DOCUMENTATION_COMMENTS = YES;
				CLANG_WARN_EMPTY_BODY = YES;
				CLANG_WARN_ENUM_CONVERSION = YES;
				CLANG_WARN_INFINITE_RECURSION = YES;
				CLANG_WARN_INT_CONVERSION = YES;
				CLANG_WARN_NON_LITERAL_NULL_CONVERSION = YES;
				CLANG_WARN_OBJC_IMPLICIT_RETAIN_SELF = YES;
				CLANG_WARN_OBJC_LITERAL_CONVERSION = YES;
				CLANG_WARN_OBJC_ROOT_CLASS = YES_ERROR;
				CLANG_WARN_QUOTED_INCLUDE_IN_FRAMEWORK_HEADER = YES;
				CLANG_WARN_RANGE_LOOP_ANALYSIS = YES;
				CLANG_WARN_STRICT_PROTOTYPES = YES;
				CLANG_WARN_SUSPICIOUS_MOVE = YES;
				CLANG_WARN_UNGUARDED_AVAILABILITY = YES_AGGRESSIVE;
				CLANG_WARN_UNREACHABLE_CODE = YES;
				CLANG_WARN__DUPLICATE_METHOD_MATCH = YES;
				COPY_PHASE_STRIP = NO;
				DEBUG_INFORMATION_FORMAT = "dwarf-with-dsym";
				ENABLE_NS_ASSERTIONS = NO;
				ENABLE_STRICT_OBJC_MSGSEND = YES;
				GCC_C_LANGUAGE_STANDARD = gnu11;
				GCC_NO_COMMON_BLOCKS = YES;
				GCC_WARN_64_TO_32_BIT_CONVERSION = YES;
				GCC_WARN_ABOUT_RETURN_TYPE = YES_ERROR;
				GCC_WARN_UNDECLARED_SELECTOR = YES;
				GCC_WARN_UNINITIALIZED_AUTOS = YES_AGGRESSIVE;
				GCC_WARN_UNUSED_FUNCTION = YES;
				GCC_WARN_UNUSED_VARIABLE = YES;
				MACOSX_DEPLOYMENT_TARGET = 12.3;
				MTL_ENABLE_DEBUG_INFO = NO;
				MTL_FAST_MATH = YES;
				SDKROOT = macosx;
				SWIFT_COMPILATION_MODE = wholemodule;
				SWIFT_OPTIMIZATION_LEVEL = "-O";
			};
			name = Release;
		};
		D1AF9587282039FC007EDCFF /* Debug */ = {
			isa = XCBuildConfiguration;
			buildSettings = {
				CODE_SIGN_STYLE = Automatic;
				DEVELOPMENT_TEAM = 269D672VZ4;
				ENABLE_HARDENED_RUNTIME = YES;
				PRODUCT_NAME = "$(TARGET_NAME)";
				SWIFT_VERSION = 5.0;
			};
			name = Debug;
		};
		D1AF9588282039FC007EDCFF /* Release */ = {
			isa = XCBuildConfiguration;
			buildSettings = {
				CODE_SIGN_STYLE = Automatic;
				DEVELOPMENT_TEAM = 269D672VZ4;
				ENABLE_HARDENED_RUNTIME = YES;
				PRODUCT_NAME = "$(TARGET_NAME)";
				SWIFT_VERSION = 5.0;
			};
			name = Release;
		};
/* End XCBuildConfiguration section */

/* Begin XCConfigurationList section */
		D1AF957A282039FC007EDCFF /* Build configuration list for PBXProject "Baekjoon" */ = {
			isa = XCConfigurationList;
			buildConfigurations = (
				D1AF9584282039FC007EDCFF /* Debug */,
				D1AF9585282039FC007EDCFF /* Release */,
			);
			defaultConfigurationIsVisible = 0;
			defaultConfigurationName = Release;
		};
		D1AF9586282039FC007EDCFF /* Build configuration list for PBXNativeTarget "Baekjoon" */ = {
			isa = XCConfigurationList;
			buildConfigurations = (
				D1AF9587282039FC007EDCFF /* Debug */,
				D1AF9588282039FC007EDCFF /* Release */,
			);
			defaultConfigurationIsVisible = 0;
			defaultConfigurationName = Release;
		};
/* End XCConfigurationList section */
	};
	rootObject = D1AF9577282039FC007EDCFF /* Project object */;
}
